// !$*UTF8*$!
{
	archiveVersion = 1;
	classes = {
	};
	objectVersion = 46;
	objects = {

/* Begin PBXBuildFile section */
		AB35F88E1E7669B500A8AFDC /* WebKit.framework in Frameworks */ = {isa = PBXBuildFile; fileRef = AB35F88D1E7669B500A8AFDC /* WebKit.framework */; };
		AB35F8941E76A8A000A8AFDC /* JavaScriptCore.framework in Frameworks */ = {isa = PBXBuildFile; fileRef = AB35F8931E76A8A000A8AFDC /* JavaScriptCore.framework */; };
		AB35F8961E76A8B100A8AFDC /* Foundation.framework in Frameworks */ = {isa = PBXBuildFile; fileRef = AB35F8951E76A8B100A8AFDC /* Foundation.framework */; };
		AB35F8981E76A8B900A8AFDC /* CoreGraphics.framework in Frameworks */ = {isa = PBXBuildFile; fileRef = AB35F8971E76A8B900A8AFDC /* CoreGraphics.framework */; };
		AB35F89A1E76A8C200A8AFDC /* UIKit.framework in Frameworks */ = {isa = PBXBuildFile; fileRef = AB35F8991E76A8C200A8AFDC /* UIKit.framework */; };
		ABAEF3D81E69769B00B03093 /* Lesson1ViewController.m in Sources */ = {isa = PBXBuildFile; fileRef = ABAEF3D71E69769B00B03093 /* Lesson1ViewController.m */; };
		ABEB65031E66ED0900805DB1 /* main.m in Sources */ = {isa = PBXBuildFile; fileRef = ABEB65021E66ED0900805DB1 /* main.m */; };
		ABEB65061E66ED0900805DB1 /* AppDelegate.m in Sources */ = {isa = PBXBuildFile; fileRef = ABEB65051E66ED0900805DB1 /* AppDelegate.m */; };
		ABEB65091E66ED0900805DB1 /* ViewController.m in Sources */ = {isa = PBXBuildFile; fileRef = ABEB65081E66ED0900805DB1 /* ViewController.m */; };
		ABEB650C1E66ED0900805DB1 /* Main.storyboard in Resources */ = {isa = PBXBuildFile; fileRef = ABEB650A1E66ED0900805DB1 /* Main.storyboard */; };
		ABEB650E1E66ED0900805DB1 /* Assets.xcassets in Resources */ = {isa = PBXBuildFile; fileRef = ABEB650D1E66ED0900805DB1 /* Assets.xcassets */; };
		ABEB65111E66ED0900805DB1 /* LaunchScreen.storyboard in Resources */ = {isa = PBXBuildFile; fileRef = ABEB650F1E66ED0900805DB1 /* LaunchScreen.storyboard */; };
/* End PBXBuildFile section */

/* Begin PBXFileReference section */
		AB35F88D1E7669B500A8AFDC /* WebKit.framework */ = {isa = PBXFileReference; lastKnownFileType = wrapper.framework; name = WebKit.framework; path = System/Library/Frameworks/WebKit.framework; sourceTree = SDKROOT; };
		AB35F8931E76A8A000A8AFDC /* JavaScriptCore.framework */ = {isa = PBXFileReference; lastKnownFileType = wrapper.framework; name = JavaScriptCore.framework; path = System/Library/Frameworks/JavaScriptCore.framework; sourceTree = SDKROOT; };
		AB35F8951E76A8B100A8AFDC /* Foundation.framework */ = {isa = PBXFileReference; lastKnownFileType = wrapper.framework; name = Foundation.framework; path = System/Library/Frameworks/Foundation.framework; sourceTree = SDKROOT; };
		AB35F8971E76A8B900A8AFDC /* CoreGraphics.framework */ = {isa = PBXFileReference; lastKnownFileType = wrapper.framework; name = CoreGraphics.framework; path = System/Library/Frameworks/CoreGraphics.framework; sourceTree = SDKROOT; };
		AB35F8991E76A8C200A8AFDC /* UIKit.framework */ = {isa = PBXFileReference; lastKnownFileType = wrapper.framework; name = UIKit.framework; path = System/Library/Frameworks/UIKit.framework; sourceTree = SDKROOT; };
		ABAEF3D61E69769B00B03093 /* Lesson1ViewController.h */ = {isa = PBXFileReference; fileEncoding = 4; lastKnownFileType = sourcecode.c.h; path = Lesson1ViewController.h; sourceTree = "<group>"; };
		ABAEF3D71E69769B00B03093 /* Lesson1ViewController.m */ = {isa = PBXFileReference; fileEncoding = 4; lastKnownFileType = sourcecode.c.objc; path = Lesson1ViewController.m; sourceTree = "<group>"; };
		ABEB64FE1E66ED0900805DB1 /* JSRunDemo.app */ = {isa = PBXFileReference; explicitFileType = wrapper.application; includeInIndex = 0; path = JSRunDemo.app; sourceTree = BUILT_PRODUCTS_DIR; };
		ABEB65021E66ED0900805DB1 /* main.m */ = {isa = PBXFileReference; lastKnownFileType = sourcecode.c.objc; path = main.m; sourceTree = "<group>"; };
		ABEB65041E66ED0900805DB1 /* AppDelegate.h */ = {isa = PBXFileReference; lastKnownFileType = sourcecode.c.h; path = AppDelegate.h; sourceTree = "<group>"; };
		ABEB65051E66ED0900805DB1 /* AppDelegate.m */ = {isa = PBXFileReference; lastKnownFileType = sourcecode.c.objc; path = AppDelegate.m; sourceTree = "<group>"; };
		ABEB65071E66ED0900805DB1 /* ViewController.h */ = {isa = PBXFileReference; lastKnownFileType = sourcecode.c.h; path = ViewController.h; sourceTree = "<group>"; };
		ABEB65081E66ED0900805DB1 /* ViewController.m */ = {isa = PBXFileReference; lastKnownFileType = sourcecode.c.objc; path = ViewController.m; sourceTree = "<group>"; };
		ABEB650B1E66ED0900805DB1 /* Base */ = {isa = PBXFileReference; lastKnownFileType = file.storyboard; name = Base; path = Base.lproj/Main.storyboard; sourceTree = "<group>"; };
		ABEB650D1E66ED0900805DB1 /* Assets.xcassets */ = {isa = PBXFileReference; lastKnownFileType = folder.assetcatalog; path = Assets.xcassets; sourceTree = "<group>"; };
		ABEB65101E66ED0900805DB1 /* Base */ = {isa = PBXFileReference; lastKnownFileType = file.storyboard; name = Base; path = Base.lproj/LaunchScreen.storyboard; sourceTree = "<group>"; };
		ABEB65121E66ED0900805DB1 /* Info.plist */ = {isa = PBXFileReference; lastKnownFileType = text.plist.xml; path = Info.plist; sourceTree = "<group>"; };
/* End PBXFileReference section */

/* Begin PBXFrameworksBuildPhase section */
		ABEB64FB1E66ED0900805DB1 /* Frameworks */ = {
			isa = PBXFrameworksBuildPhase;
			buildActionMask = 2147483647;
			files = (
				AB35F89A1E76A8C200A8AFDC /* UIKit.framework in Frameworks */,
				AB35F8981E76A8B900A8AFDC /* CoreGraphics.framework in Frameworks */,
				AB35F8961E76A8B100A8AFDC /* Foundation.framework in Frameworks */,
				AB35F8941E76A8A000A8AFDC /* JavaScriptCore.framework in Frameworks */,
				AB35F88E1E7669B500A8AFDC /* WebKit.framework in Frameworks */,
			);
			runOnlyForDeploymentPostprocessing = 0;
		};
/* End PBXFrameworksBuildPhase section */

/* Begin PBXGroup section */
		AB35F88C1E7669B400A8AFDC /* Frameworks */ = {
			isa = PBXGroup;
			children = (
				AB35F8991E76A8C200A8AFDC /* UIKit.framework */,
				AB35F8971E76A8B900A8AFDC /* CoreGraphics.framework */,
				AB35F8951E76A8B100A8AFDC /* Foundation.framework */,
				AB35F8931E76A8A000A8AFDC /* JavaScriptCore.framework */,
				AB35F88D1E7669B500A8AFDC /* WebKit.framework */,
			);
			name = Frameworks;
			sourceTree = "<group>";
		};
		ABEB64F51E66ED0900805DB1 = {
			isa = PBXGroup;
			children = (
				ABEB65001E66ED0900805DB1 /* JSRunDemo */,
				ABEB64FF1E66ED0900805DB1 /* Products */,
				AB35F88C1E7669B400A8AFDC /* Frameworks */,
			);
			sourceTree = "<group>";
		};
		ABEB64FF1E66ED0900805DB1 /* Products */ = {
			isa = PBXGroup;
			children = (
				ABEB64FE1E66ED0900805DB1 /* JSRunDemo.app */,
			);
			name = Products;
			sourceTree = "<group>";
		};
		ABEB65001E66ED0900805DB1 /* JSRunDemo */ = {
			isa = PBXGroup;
			children = (
				ABEB65041E66ED0900805DB1 /* AppDelegate.h */,
				ABEB65051E66ED0900805DB1 /* AppDelegate.m */,
				ABEB65071E66ED0900805DB1 /* ViewController.h */,
				ABEB65081E66ED0900805DB1 /* ViewController.m */,
				ABAEF3D61E69769B00B03093 /* Lesson1ViewController.h */,
				ABAEF3D71E69769B00B03093 /* Lesson1ViewController.m */,
				ABEB650A1E66ED0900805DB1 /* Main.storyboard */,
				ABEB650D1E66ED0900805DB1 /* Assets.xcassets */,
				ABEB650F1E66ED0900805DB1 /* LaunchScreen.storyboard */,
				ABEB65121E66ED0900805DB1 /* Info.plist */,
				ABEB65011E66ED0900805DB1 /* Supporting Files */,
			);
			path = JSRunDemo;
			sourceTree = "<group>";
		};
		ABEB65011E66ED0900805DB1 /* Supporting Files */ = {
			isa = PBXGroup;
			children = (
				ABEB65021E66ED0900805DB1 /* main.m */,
			);
			name = "Supporting Files";
			sourceTree = "<group>";
		};
/* End PBXGroup section */

/* Begin PBXNativeTarget section */
		ABEB64FD1E66ED0900805DB1 /* JSRunDemo */ = {
			isa = PBXNativeTarget;
			buildConfigurationList = ABEB65151E66ED0900805DB1 /* Build configuration list for PBXNativeTarget "JSRunDemo" */;
			buildPhases = (
				ABEB64FA1E66ED0900805DB1 /* Sources */,
				ABEB64FB1E66ED0900805DB1 /* Frameworks */,
				ABEB64FC1E66ED0900805DB1 /* Resources */,
			);
			buildRules = (
			);
			dependencies = (
			);
			name = JSRunDemo;
			productName = JSRunDemo;
			productReference = ABEB64FE1E66ED0900805DB1 /* JSRunDemo.app */;
			productType = "com.apple.product-type.application";
		};
/* End PBXNativeTarget section */

/* Begin PBXProject section */
		ABEB64F61E66ED0900805DB1 /* Project object */ = {
			isa = PBXProject;
			attributes = {
				LastUpgradeCheck = 0820;
				ORGANIZATIONNAME = flappjack;
				TargetAttributes = {
					ABEB64FD1E66ED0900805DB1 = {
						CreatedOnToolsVersion = 8.2.1;
						DevelopmentTeam = MRHP26VDZY;
						ProvisioningStyle = Automatic;
					};
				};
			};
			buildConfigurationList = ABEB64F91E66ED0900805DB1 /* Build configuration list for PBXProject "JSRunDemo" */;
			compatibilityVersion = "Xcode 3.2";
			developmentRegion = English;
			hasScannedForEncodings = 0;
			knownRegions = (
				en,
				Base,
			);
			mainGroup = ABEB64F51E66ED0900805DB1;
			productRefGroup = ABEB64FF1E66ED0900805DB1 /* Products */;
			projectDirPath = "";
			projectRoot = "";
			targets = (
				ABEB64FD1E66ED0900805DB1 /* JSRunDemo */,
			);
		};
/* End PBXProject section */

/* Begin PBXResourcesBuildPhase section */
		ABEB64FC1E66ED0900805DB1 /* Resources */ = {
			isa = PBXResourcesBuildPhase;
			buildActionMask = 2147483647;
			files = (
				ABEB65111E66ED0900805DB1 /* LaunchScreen.storyboard in Resources */,
				ABEB650E1E66ED0900805DB1 /* Assets.xcassets in Resources */,
				ABEB650C1E66ED0900805DB1 /* Main.storyboard in Resources */,
			);
			runOnlyForDeploymentPostprocessing = 0;
		};
/* End PBXResourcesBuildPhase section */

/* Begin PBXSourcesBuildPhase section */
		ABEB64FA1E66ED0900805DB1 /* Sources */ = {
			isa = PBXSourcesBuildPhase;
			buildActionMask = 2147483647;
			files = (
				ABEB65091E66ED0900805DB1 /* ViewController.m in Sources */,
				ABEB65061E66ED0900805DB1 /* AppDelegate.m in Sources */,
				ABAEF3D81E69769B00B03093 /* Lesson1ViewController.m in Sources */,
				ABEB65031E66ED0900805DB1 /* main.m in Sources */,
			);
			runOnlyForDeploymentPostprocessing = 0;
		};
/* End PBXSourcesBuildPhase section */

/* Begin PBXVariantGroup section */
		ABEB650A1E66ED0900805DB1 /* Main.storyboard */ = {
			isa = PBXVariantGroup;
			children = (
				ABEB650B1E66ED0900805DB1 /* Base */,
			);
			name = Main.storyboard;
			sourceTree = "<group>";
		};
		ABEB650F1E66ED0900805DB1 /* LaunchScreen.storyboard */ = {
			isa = PBXVariantGroup;
			children = (
				ABEB65101E66ED0900805DB1 /* Base */,
			);
			name = LaunchScreen.storyboard;
			sourceTree = "<group>";
		};
/* End PBXVariantGroup section */

/* Begin XCBuildConfiguration section */
		ABEB65131E66ED0900805DB1 /* Debug */ = {
			isa = XCBuildConfiguration;
			buildSettings = {
				ALWAYS_SEARCH_USER_PATHS = NO;
				CLANG_ANALYZER_NONNULL = YES;
				CLANG_CXX_LANGUAGE_STANDARD = "gnu++0x";
				CLANG_CXX_LIBRARY = "libc++";
				CLANG_ENABLE_MODULES = YES;
				CLANG_ENABLE_OBJC_ARC = YES;
				CLANG_WARN_BOOL_CONVERSION = YES;
				CLANG_WARN_CONSTANT_CONVERSION = YES;
				CLANG_WARN_DIRECT_OBJC_ISA_USAGE = YES_ERROR;
				CLANG_WARN_DOCUMENTATION_COMMENTS = YES;
				CLANG_WARN_EMPTY_BODY = YES;
				CLANG_WARN_ENUM_CONVERSION = YES;
				CLANG_WARN_INFINITE_RECURSION = YES;
				CLANG_WARN_INT_CONVERSION = YES;
				CLANG_WARN_OBJC_ROOT_CLASS = YES_ERROR;
				CLANG_WARN_SUSPICIOUS_MOVE = YES;
				CLANG_WARN_UNREACHABLE_CODE = YES;
				CLANG_WARN__DUPLICATE_METHOD_MATCH = YES;
				CODE_SIGN_IDENTITY = "iPhone Developer: Sri Satish Mavuri (LUEVAR573Y)";
				"CODE_SIGN_IDENTITY[sdk=iphoneos*]" = "iPhone Developer: Sri Satish Mavuri (LUEVAR573Y)";
				COPY_PHASE_STRIP = NO;
				DEBUG_INFORMATION_FORMAT = dwarf;
				ENABLE_STRICT_OBJC_MSGSEND = YES;
				ENABLE_TESTABILITY = YES;
				GCC_C_LANGUAGE_STANDARD = gnu99;
				GCC_DYNAMIC_NO_PIC = NO;
				GCC_NO_COMMON_BLOCKS = YES;
				GCC_OPTIMIZATION_LEVEL = 0;
				GCC_PREPROCESSOR_DEFINITIONS = (
					"DEBUG=1",
					"$(inherited)",
				);
				GCC_WARN_64_TO_32_BIT_CONVERSION = YES;
				GCC_WARN_ABOUT_RETURN_TYPE = YES_ERROR;
				GCC_WARN_UNDECLARED_SELECTOR = YES;
				GCC_WARN_UNINITIALIZED_AUTOS = YES_AGGRESSIVE;
				GCC_WARN_UNUSED_FUNCTION = YES;
				GCC_WARN_UNUSED_VARIABLE = YES;
				IPHONEOS_DEPLOYMENT_TARGET = 10.2;
				MTL_ENABLE_DEBUG_INFO = YES;
				ONLY_ACTIVE_ARCH = YES;
				SDKROOT = iphoneos;
				TARGETED_DEVICE_FAMILY = "1,2";
			};
			name = Debug;
		};
		ABEB65141E66ED0900805DB1 /* Release */ = {
			isa = XCBuildConfiguration;
			buildSettings = {
				ALWAYS_SEARCH_USER_PATHS = NO;
				CLANG_ANALYZER_NONNULL = YES;
				CLANG_CXX_LANGUAGE_STANDARD = "gnu++0x";
				CLANG_CXX_LIBRARY = "libc++";
				CLANG_ENABLE_MODULES = YES;
				CLANG_ENABLE_OBJC_ARC = YES;
				CLANG_WARN_BOOL_CONVERSION = YES;
				CLANG_WARN_CONSTANT_CONVERSION = YES;
				CLANG_WARN_DIRECT_OBJC_ISA_USAGE = YES_ERROR;
				CLANG_WARN_DOCUMENTATION_COMMENTS = YES;
				CLANG_WARN_EMPTY_BODY = YES;
				CLANG_WARN_ENUM_CONVERSION = YES;
				CLANG_WARN_INFINITE_RECURSION = YES;
				CLANG_WARN_INT_CONVERSION = YES;
				CLANG_WARN_OBJC_ROOT_CLASS = YES_ERROR;
				CLANG_WARN_SUSPICIOUS_MOVE = YES;
				CLANG_WARN_UNREACHABLE_CODE = YES;
				CLANG_WARN__DUPLICATE_METHOD_MATCH = YES;
				CODE_SIGN_IDENTITY = "iPhone Developer: Sri Satish Mavuri (LUEVAR573Y)";
				"CODE_SIGN_IDENTITY[sdk=iphoneos*]" = "iPhone Developer: Sri Satish Mavuri (LUEVAR573Y)";
				COPY_PHASE_STRIP = NO;
				DEBUG_INFORMATION_FORMAT = "dwarf-with-dsym";
				ENABLE_NS_ASSERTIONS = NO;
				ENABLE_STRICT_OBJC_MSGSEND = YES;
				GCC_C_LANGUAGE_STANDARD = gnu99;
				GCC_NO_COMMON_BLOCKS = YES;
				GCC_WARN_64_TO_32_BIT_CONVERSION = YES;
				GCC_WARN_ABOUT_RETURN_TYPE = YES_ERROR;
				GCC_WARN_UNDECLARED_SELECTOR = YES;
				GCC_WARN_UNINITIALIZED_AUTOS = YES_AGGRESSIVE;
				GCC_WARN_UNUSED_FUNCTION = YES;
				GCC_WARN_UNUSED_VARIABLE = YES;
				IPHONEOS_DEPLOYMENT_TARGET = 10.2;
				MTL_ENABLE_DEBUG_INFO = NO;
				SDKROOT = iphoneos;
				TARGETED_DEVICE_FAMILY = "1,2";
				VALIDATE_PRODUCT = YES;
			};
			name = Release;
		};
		ABEB65161E66ED0900805DB1 /* Debug */ = {
			isa = XCBuildConfiguration;
			buildSettings = {
				ASSETCATALOG_COMPILER_APPICON_NAME = AppIcon;
				CODE_SIGN_IDENTITY = "iPhone Developer: Sri Satish Mavuri (LUEVAR573Y)";
				"CODE_SIGN_IDENTITY[sdk=iphoneos*]" = "iPhone Developer";
				DEVELOPMENT_TEAM = MRHP26VDZY;
				INFOPLIST_FILE = JSRunDemo/Info.plist;
				IPHONEOS_DEPLOYMENT_TARGET = 8.3;
				LD_RUNPATH_SEARCH_PATHS = "$(inherited) @executable_path/Frameworks";
				PRODUCT_BUNDLE_IDENTIFIER = com.flappjack.JSRunDemo;
				PRODUCT_NAME = "$(TARGET_NAME)";
				PROVISIONING_PROFILE = "";
			};
			name = Debug;
		};
		ABEB65171E66ED0900805DB1 /* Release */ = {
			isa = XCBuildConfiguration;
			buildSettings = {
				ASSETCATALOG_COMPILER_APPICON_NAME = AppIcon;
				CODE_SIGN_IDENTITY = "iPhone Developer: Sri Satish Mavuri (LUEVAR573Y)";
				"CODE_SIGN_IDENTITY[sdk=iphoneos*]" = "iPhone Developer";
				DEVELOPMENT_TEAM = MRHP26VDZY;
				INFOPLIST_FILE = JSRunDemo/Info.plist;
				IPHONEOS_DEPLOYMENT_TARGET = 8.3;
				LD_RUNPATH_SEARCH_PATHS = "$(inherited) @executable_path/Frameworks";
				PRODUCT_BUNDLE_IDENTIFIER = com.flappjack.JSRunDemo;
				PRODUCT_NAME = "$(TARGET_NAME)";
				PROVISIONING_PROFILE = "";
			};
			name = Release;
		};
/* End XCBuildConfiguration section */

/* Begin XCConfigurationList section */
		ABEB64F91E66ED0900805DB1 /* Build configuration list for PBXProject "JSRunDemo" */ = {
			isa = XCConfigurationList;
			buildConfigurations = (
				ABEB65131E66ED0900805DB1 /* Debug */,
				ABEB65141E66ED0900805DB1 /* Release */,
			);
			defaultConfigurationIsVisible = 0;
			defaultConfigurationName = Release;
		};
		ABEB65151E66ED0900805DB1 /* Build configuration list for PBXNativeTarget "JSRunDemo" */ = {
			isa = XCConfigurationList;
			buildConfigurations = (
				ABEB65161E66ED0900805DB1 /* Debug */,
				ABEB65171E66ED0900805DB1 /* Release */,
			);
			defaultConfigurationIsVisible = 0;
			defaultConfigurationName = Release;
		};
/* End XCConfigurationList section */
	};
	rootObject = ABEB64F61E66ED0900805DB1 /* Project object */;
}
